
Microsoft Visual Studio Solution File, Format Version 12.00
# Visual Studio Version 17
VisualStudioVersion = 17.11.35327.3
MinimumVisualStudioVersion = 10.0.40219.1
Project("{FAE04EC0-301F-11D3-BF4B-00C04F79EFBC}") = "Project_2_ServiceWebsite", "Project_2_ServiceWebsite\Project_2_ServiceWebsite.csproj", "{A9FCF619-92C8-41CF-8019-1BEE8447AA8F}"
EndProject
Global
	GlobalSection(SolutionConfigurationPlatforms) = preSolution
		Debug|Any CPU = Debug|Any CPU
		Release|Any CPU = Release|Any CPU
	EndGlobalSection
	GlobalSection(ProjectConfigurationPlatforms) = postSolution
		{A9FCF619-92C8-41CF-8019-1BEE8447AA8F}.Debug|Any CPU.ActiveCfg = Debug|Any CPU
		{A9FCF619-92C8-41CF-8019-1BEE8447AA8F}.Debug|Any CPU.Build.0 = Debug|Any CPU
		{A9FCF619-92C8-41CF-8019-1BEE8447AA8F}.Release|Any CPU.ActiveCfg = Release|Any CPU
		{A9FCF619-92C8-41CF-8019-1BEE8447AA8F}.Release|Any CPU.Build.0 = Release|Any CPU
	EndGlobalSection
	GlobalSection(SolutionProperties) = preSolution
		HideSolutionNode = FALSE
	EndGlobalSection
	GlobalSection(ExtensibilityGlobals) = postSolution
		SolutionGuid = {E052D69F-2148-4505-84A8-8FC10081785E}
	EndGlobalSection
EndGlobal
